
Microsoft Visual Studio Solution File, Format Version 12.00
# Visual Studio Version 16
VisualStudioVersion = 16.0.31702.278
MinimumVisualStudioVersion = 10.0.40219.1
Project("{9A19103F-16F7-4668-BE54-9A1E7A4F7556}") = "EV5TestWebApp", "EV5TestWebApp\EV5TestWebApp.csproj", "{B4F81D45-3301-4501-A59D-A5F5FA046EC4}"
EndProject
Project("{9A19103F-16F7-4668-BE54-9A1E7A4F7556}") = "EV5.Mvc", "EV5.Mvc\EV5.Mvc.csproj", "{BA418984-2212-42C2-A282-05CB6E550FBB}"
	ProjectSection(ProjectDependencies) = postProject
		{F890CAB1-4290-4AC0-83DE-9674DA5540E0} = {F890CAB1-4290-4AC0-83DE-9674DA5540E0}
	EndProjectSection
EndProject
Project("{9A19103F-16F7-4668-BE54-9A1E7A4F7556}") = "EV5.Mvc.Shared", "EV5.Mvc.Shared\EV5.Mvc.Shared.csproj", "{F890CAB1-4290-4AC0-83DE-9674DA5540E0}"
EndProject
Project("{9A19103F-16F7-4668-BE54-9A1E7A4F7556}") = "EV5.Mvc.Services", "EV5.Mvc.Services\EV5.Mvc.Services.csproj", "{C933D497-FCC6-4EA0-8D95-5E778CDE2D67}"
EndProject
Project("{9A19103F-16F7-4668-BE54-9A1E7A4F7556}") = "EV5.HtmlAgility", "EV5.HtmlAgility\EV5.HtmlAgility.csproj", "{8BD73F74-7931-4261-B527-12BDF402A00E}"
EndProject
Project("{9A19103F-16F7-4668-BE54-9A1E7A4F7556}") = "EV5.Mvc.Processor", "EV5.Mvc.Processor\EV5.Mvc.Processor.csproj", "{FA3CFC59-1851-49A3-BAFD-F9E9549EAADF}"
EndProject
Project("{9A19103F-16F7-4668-BE54-9A1E7A4F7556}") = "EV5.Mvc.MEF", "EV5.Mvc.MEF\EV5.Mvc.MEF.csproj", "{42AA43AF-8C02-4664-948E-B85873319843}"
EndProject
Project("{9A19103F-16F7-4668-BE54-9A1E7A4F7556}") = "EV5.Samples.Embedded", "EV5.Samples.Embedded\EV5.Samples.Embedded.csproj", "{34757002-45FD-4576-AB44-A50FAE83A7B6}"
EndProject
Project("{9A19103F-16F7-4668-BE54-9A1E7A4F7556}") = "EV5.Samples.ViewEngine", "EV5.Samples.ViewEngine\EV5.Samples.ViewEngine.csproj", "{E9C00E04-2BA4-417A-81B3-E2557B1F9A80}"
EndProject
Project("{9A19103F-16F7-4668-BE54-9A1E7A4F7556}") = "EV5.Mvc.Plugin", "EV5.Mvc.Plugin\EV5.Mvc.Plugin.csproj", "{2BAE94E0-E0ED-485B-8432-5F2748ED8D2B}"
EndProject
Project("{2150E333-8FDC-42A3-9474-1A3956D46DE8}") = "Lib", "Lib", "{93A59C4C-894C-41D2-81CA-85A800963995}"
EndProject
Global
	GlobalSection(SolutionConfigurationPlatforms) = preSolution
		Debug|Any CPU = Debug|Any CPU
		Release|Any CPU = Release|Any CPU
	EndGlobalSection
	GlobalSection(ProjectConfigurationPlatforms) = postSolution
		{B4F81D45-3301-4501-A59D-A5F5FA046EC4}.Debug|Any CPU.ActiveCfg = Debug|Any CPU
		{B4F81D45-3301-4501-A59D-A5F5FA046EC4}.Debug|Any CPU.Build.0 = Debug|Any CPU
		{B4F81D45-3301-4501-A59D-A5F5FA046EC4}.Release|Any CPU.ActiveCfg = Release|Any CPU
		{B4F81D45-3301-4501-A59D-A5F5FA046EC4}.Release|Any CPU.Build.0 = Release|Any CPU
		{BA418984-2212-42C2-A282-05CB6E550FBB}.Debug|Any CPU.ActiveCfg = Debug|Any CPU
		{BA418984-2212-42C2-A282-05CB6E550FBB}.Debug|Any CPU.Build.0 = Debug|Any CPU
		{BA418984-2212-42C2-A282-05CB6E550FBB}.Release|Any CPU.ActiveCfg = Release|Any CPU
		{BA418984-2212-42C2-A282-05CB6E550FBB}.Release|Any CPU.Build.0 = Release|Any CPU
		{F890CAB1-4290-4AC0-83DE-9674DA5540E0}.Debug|Any CPU.ActiveCfg = Debug|Any CPU
		{F890CAB1-4290-4AC0-83DE-9674DA5540E0}.Debug|Any CPU.Build.0 = Debug|Any CPU
		{F890CAB1-4290-4AC0-83DE-9674DA5540E0}.Release|Any CPU.ActiveCfg = Release|Any CPU
		{F890CAB1-4290-4AC0-83DE-9674DA5540E0}.Release|Any CPU.Build.0 = Release|Any CPU
		{C933D497-FCC6-4EA0-8D95-5E778CDE2D67}.Debug|Any CPU.ActiveCfg = Debug|Any CPU
		{C933D497-FCC6-4EA0-8D95-5E778CDE2D67}.Debug|Any CPU.Build.0 = Debug|Any CPU
		{C933D497-FCC6-4EA0-8D95-5E778CDE2D67}.Release|Any CPU.ActiveCfg = Release|Any CPU
		{C933D497-FCC6-4EA0-8D95-5E778CDE2D67}.Release|Any CPU.Build.0 = Release|Any CPU
		{8BD73F74-7931-4261-B527-12BDF402A00E}.Debug|Any CPU.ActiveCfg = Debug|Any CPU
		{8BD73F74-7931-4261-B527-12BDF402A00E}.Debug|Any CPU.Build.0 = Debug|Any CPU
		{8BD73F74-7931-4261-B527-12BDF402A00E}.Release|Any CPU.ActiveCfg = Release|Any CPU
		{8BD73F74-7931-4261-B527-12BDF402A00E}.Release|Any CPU.Build.0 = Release|Any CPU
		{FA3CFC59-1851-49A3-BAFD-F9E9549EAADF}.Debug|Any CPU.ActiveCfg = Debug|Any CPU
		{FA3CFC59-1851-49A3-BAFD-F9E9549EAADF}.Debug|Any CPU.Build.0 = Debug|Any CPU
		{FA3CFC59-1851-49A3-BAFD-F9E9549EAADF}.Release|Any CPU.ActiveCfg = Release|Any CPU
		{FA3CFC59-1851-49A3-BAFD-F9E9549EAADF}.Release|Any CPU.Build.0 = Release|Any CPU
		{42AA43AF-8C02-4664-948E-B85873319843}.Debug|Any CPU.ActiveCfg = Debug|Any CPU
		{42AA43AF-8C02-4664-948E-B85873319843}.Debug|Any CPU.Build.0 = Debug|Any CPU
		{42AA43AF-8C02-4664-948E-B85873319843}.Release|Any CPU.ActiveCfg = Release|Any CPU
		{42AA43AF-8C02-4664-948E-B85873319843}.Release|Any CPU.Build.0 = Release|Any CPU
		{34757002-45FD-4576-AB44-A50FAE83A7B6}.Debug|Any CPU.ActiveCfg = Debug|Any CPU
		{34757002-45FD-4576-AB44-A50FAE83A7B6}.Debug|Any CPU.Build.0 = Debug|Any CPU
		{34757002-45FD-4576-AB44-A50FAE83A7B6}.Release|Any CPU.ActiveCfg = Release|Any CPU
		{34757002-45FD-4576-AB44-A50FAE83A7B6}.Release|Any CPU.Build.0 = Release|Any CPU
		{E9C00E04-2BA4-417A-81B3-E2557B1F9A80}.Debug|Any CPU.ActiveCfg = Debug|Any CPU
		{E9C00E04-2BA4-417A-81B3-E2557B1F9A80}.Debug|Any CPU.Build.0 = Debug|Any CPU
		{E9C00E04-2BA4-417A-81B3-E2557B1F9A80}.Release|Any CPU.ActiveCfg = Release|Any CPU
		{E9C00E04-2BA4-417A-81B3-E2557B1F9A80}.Release|Any CPU.Build.0 = Release|Any CPU
		{2BAE94E0-E0ED-485B-8432-5F2748ED8D2B}.Debug|Any CPU.ActiveCfg = Debug|Any CPU
		{2BAE94E0-E0ED-485B-8432-5F2748ED8D2B}.Debug|Any CPU.Build.0 = Debug|Any CPU
		{2BAE94E0-E0ED-485B-8432-5F2748ED8D2B}.Release|Any CPU.ActiveCfg = Release|Any CPU
		{2BAE94E0-E0ED-485B-8432-5F2748ED8D2B}.Release|Any CPU.Build.0 = Release|Any CPU
	EndGlobalSection
	GlobalSection(SolutionProperties) = preSolution
		HideSolutionNode = FALSE
	EndGlobalSection
	GlobalSection(NestedProjects) = preSolution
		{BA418984-2212-42C2-A282-05CB6E550FBB} = {93A59C4C-894C-41D2-81CA-85A800963995}
		{F890CAB1-4290-4AC0-83DE-9674DA5540E0} = {93A59C4C-894C-41D2-81CA-85A800963995}
		{C933D497-FCC6-4EA0-8D95-5E778CDE2D67} = {93A59C4C-894C-41D2-81CA-85A800963995}
		{8BD73F74-7931-4261-B527-12BDF402A00E} = {93A59C4C-894C-41D2-81CA-85A800963995}
		{FA3CFC59-1851-49A3-BAFD-F9E9549EAADF} = {93A59C4C-894C-41D2-81CA-85A800963995}
		{42AA43AF-8C02-4664-948E-B85873319843} = {93A59C4C-894C-41D2-81CA-85A800963995}
		{2BAE94E0-E0ED-485B-8432-5F2748ED8D2B} = {93A59C4C-894C-41D2-81CA-85A800963995}
	EndGlobalSection
	GlobalSection(ExtensibilityGlobals) = postSolution
		SolutionGuid = {BF809AE5-000E-40A9-96DB-D8990C23A428}
	EndGlobalSection
EndGlobal
